dependencies:
  ADC:
    component_hash: f19c6793fc1b1e87221277a590073e12c40ea51b418c64d32d880651fa5e4ae2
    dependencies: []
    source:
      git: https://github.com/qingmeijiupiao/wireless-power-components.git
      path: components/bsp/ADC
      type: git
    version: 3603981a47e4f29e3602806d900491508b692467
  HXC_NVS:
    component_hash: ace14a26b036a8a51f191146556bb91c5aa7af50e3baf6ee087fd133f9f23f7b
    dependencies: []
    source:
      git: https://github.com/qingmeijiupiao/wireless-power-components.git
      path: components/bsp/HXC_NVS
      type: git
    version: 3603981a47e4f29e3602806d900491508b692467
  Interp:
    component_hash: 1ba36287c5d1dab068a1f39367b02de9d4c77f435c398cb28c43de8a273865bf
    dependencies: []
    source:
      git: https://github.com/qingmeijiupiao/wireless-power-components.git
      path: components/common/Interp
      type: git
    version: 3603981a47e4f29e3602806d900491508b692467
  PWM:
    component_hash: 409910f2fda76fea9f561449a9e7770ce79e101cca972edca6f5e3f00100651f
    dependencies: []
    source:
      git: https://github.com/qingmeijiupiao/wireless-power-components.git
      path: components/bsp/PWM
      type: git
    version: 3603981a47e4f29e3602806d900491508b692467
  blackbox:
    component_hash: ca7085d7c46e6114df597f9716077d670b3ffefc7f7a1f892854a5cfa634d203
    dependencies: []
    source:
      git: https://github.com/qingmeijiupiao/wireless-power-components.git
      path: components/middleware/blackbox
      type: git
    version: 3603981a47e4f29e3602806d900491508b692467
  circular_flash_buffer:
    component_hash: 1bd214cc375b88dbe74a4fbfa841f9626a05d49f5d2f2d4b99d15f6394a0b931
    dependencies: []
    source:
      git: https://github.com/qingmeijiupiao/wireless-power-components.git
      path: components/bsp/circular_flash_buffer
      type: git
    version: 3603981a47e4f29e3602806d900491508b692467
  idf:
    source:
      type: idf
    version: 6.0.0
  shell:
    component_hash: 6141a03c15c6383367fbead105be702693c5f4812972b5f260ad56a817d8d718
    dependencies: []
    source:
      git: https://github.com/qingmeijiupiao/wireless-power-components.git
      path: components/bsp/shell
      type: git
    version: 3603981a47e4f29e3602806d900491508b692467
  wifi_manager:
    component_hash: ed4e19eea948ad69f29a6309dd35d459d84f4fe05169fab46477fc989fb950ae
    dependencies: []
    source:
      git: https://github.com/qingmeijiupiao/wireless-power-components.git
      path: components/bsp/wifi_manager
      type: git
    version: 3603981a47e4f29e3602806d900491508b692467
direct_dependencies:
- ADC
- HXC_NVS
- Interp
- PWM
- blackbox
- circular_flash_buffer
- idf
- shell
- wifi_manager
manifest_hash: ccf85a85b92adb7f6c0d1ab98636dc2d29f8b59187146eb578e47e0f38ee46c1
target: esp32c3
version: 3.0.0
